
Microsoft Visual Studio Solution File, Format Version 12.00
# Visual Studio Version 16
VisualStudioVersion = 16.0.29519.87
MinimumVisualStudioVersion = 10.0.40219.1
Project("{9092AA53-FB77-4645-B42D-1CCCA6BD08BD}") = "rainbowgardens", "rainbowgardens\rainbowgardens.njsproj", "{AA6B8CF1-6F60-4C91-9A66-335331FEFDFA}"
EndProject
Global
	GlobalSection(SolutionConfigurationPlatforms) = preSolution
		Debug|Any CPU = Debug|Any CPU
		Release|Any CPU = Release|Any CPU
	EndGlobalSection
	GlobalSection(ProjectConfigurationPlatforms) = postSolution
		{AA6B8CF1-6F60-4C91-9A66-335331FEFDFA}.Debug|Any CPU.ActiveCfg = Debug|Any CPU
		{AA6B8CF1-6F60-4C91-9A66-335331FEFDFA}.Debug|Any CPU.Build.0 = Debug|Any CPU
		{AA6B8CF1-6F60-4C91-9A66-335331FEFDFA}.Release|Any CPU.ActiveCfg = Release|Any CPU
		{AA6B8CF1-6F60-4C91-9A66-335331FEFDFA}.Release|Any CPU.Build.0 = Release|Any CPU
	EndGlobalSection
	GlobalSection(SolutionProperties) = preSolution
		HideSolutionNode = FALSE
	EndGlobalSection
	GlobalSection(ExtensibilityGlobals) = postSolution
		SolutionGuid = {01B44F27-BB48-4FCF-98B4-384DB51AE546}
	EndGlobalSection
EndGlobal
